// !$*UTF8*$!
{
	archiveVersion = 1;
	classes = {
	};
	objectVersion = 46;
	objects = {

/* Begin PBXBuildFile section */
		31CAE0651CE3D59D0007EF06 /* a06.cpp in Sources */ = {isa = PBXBuildFile; fileRef = 31CAE0641CE3D59D0007EF06 /* a06.cpp */; };
		31CAE06D1CE504A50007EF06 /* CoffeeShop.cpp in Sources */ = {isa = PBXBuildFile; fileRef = 31CAE06C1CE504A50007EF06 /* CoffeeShop.cpp */; };
/* End PBXBuildFile section */

/* Begin PBXCopyFilesBuildPhase section */
		31CAE05F1CE3D59D0007EF06 /* CopyFiles */ = {
			isa = PBXCopyFilesBuildPhase;
			buildActionMask = 2147483647;
			dstPath = /usr/share/man/man1/;
			dstSubfolderSpec = 0;
			files = (
			);
			runOnlyForDeploymentPostprocessing = 1;
		};
/* End PBXCopyFilesBuildPhase section */

/* Begin PBXFileReference section */
		31CAE0611CE3D59D0007EF06 /* a06 */ = {isa = PBXFileReference; explicitFileType = "compiled.mach-o.executable"; includeInIndex = 0; path = a06; sourceTree = BUILT_PRODUCTS_DIR; };
		31CAE0641CE3D59D0007EF06 /* a06.cpp */ = {isa = PBXFileReference; lastKnownFileType = sourcecode.cpp.cpp; path = a06.cpp; sourceTree = "<group>"; };
		31CAE06B1CE5047D0007EF06 /* CoffeeShop.h */ = {isa = PBXFileReference; fileEncoding = 4; lastKnownFileType = sourcecode.c.h; path = CoffeeShop.h; sourceTree = "<group>"; };
		31CAE06C1CE504A50007EF06 /* CoffeeShop.cpp */ = {isa = PBXFileReference; fileEncoding = 4; lastKnownFileType = sourcecode.cpp.cpp; path = CoffeeShop.cpp; sourceTree = "<group>"; };
/* End PBXFileReference section */

/* Begin PBXFrameworksBuildPhase section */
		31CAE05E1CE3D59D0007EF06 /* Frameworks */ = {
			isa = PBXFrameworksBuildPhase;
			buildActionMask = 2147483647;
			files = (
			);
			runOnlyForDeploymentPostprocessing = 0;
		};
/* End PBXFrameworksBuildPhase section */

/* Begin PBXGroup section */
		31CAE0581CE3D59D0007EF06 = {
			isa = PBXGroup;
			children = (
				31CAE0631CE3D59D0007EF06 /* a06 */,
				31CAE0621CE3D59D0007EF06 /* Products */,
			);
			sourceTree = "<group>";
		};
		31CAE0621CE3D59D0007EF06 /* Products */ = {
			isa = PBXGroup;
			children = (
				31CAE0611CE3D59D0007EF06 /* a06 */,
			);
			name = Products;
			sourceTree = "<group>";
		};
		31CAE0631CE3D59D0007EF06 /* a06 */ = {
			isa = PBXGroup;
			children = (
				31CAE0641CE3D59D0007EF06 /* a06.cpp */,
				31CAE06B1CE5047D0007EF06 /* CoffeeShop.h */,
				31CAE06C1CE504A50007EF06 /* CoffeeShop.cpp */,
			);
			path = a06;
			sourceTree = "<group>";
		};
/* End PBXGroup section */

/* Begin PBXNativeTarget section */
		31CAE0601CE3D59D0007EF06 /* a06 */ = {
			isa = PBXNativeTarget;
			buildConfigurationList = 31CAE0681CE3D59D0007EF06 /* Build configuration list for PBXNativeTarget "a06" */;
			buildPhases = (
				31CAE05D1CE3D59D0007EF06 /* Sources */,
				31CAE05E1CE3D59D0007EF06 /* Frameworks */,
				31CAE05F1CE3D59D0007EF06 /* CopyFiles */,
			);
			buildRules = (
			);
			dependencies = (
			);
			name = a06;
			productName = a06;
			productReference = 31CAE0611CE3D59D0007EF06 /* a06 */;
			productType = "com.apple.product-type.tool";
		};
/* End PBXNativeTarget section */

/* Begin PBXProject section */
		31CAE0591CE3D59D0007EF06 /* Project object */ = {
			isa = PBXProject;
			attributes = {
				LastUpgradeCheck = 0730;
				ORGANIZATIONNAME = "Bin Li";
				TargetAttributes = {
					31CAE0601CE3D59D0007EF06 = {
						CreatedOnToolsVersion = 7.3.1;
					};
				};
			};
			buildConfigurationList = 31CAE05C1CE3D59D0007EF06 /* Build configuration list for PBXProject "a06" */;
			compatibilityVersion = "Xcode 3.2";
			developmentRegion = English;
			hasScannedForEncodings = 0;
			knownRegions = (
				en,
			);
			mainGroup = 31CAE0581CE3D59D0007EF06;
			productRefGroup = 31CAE0621CE3D59D0007EF06 /* Products */;
			projectDirPath = "";
			projectRoot = "";
			targets = (
				31CAE0601CE3D59D0007EF06 /* a06 */,
			);
		};
/* End PBXProject section */

/* Begin PBXSourcesBuildPhase section */
		31CAE05D1CE3D59D0007EF06 /* Sources */ = {
			isa = PBXSourcesBuildPhase;
			buildActionMask = 2147483647;
			files = (
				31CAE0651CE3D59D0007EF06 /* a06.cpp in Sources */,
				31CAE06D1CE504A50007EF06 /* CoffeeShop.cpp in Sources */,
			);
			runOnlyForDeploymentPostprocessing = 0;
		};
/* End PBXSourcesBuildPhase section */

/* Begin XCBuildConfiguration section */
		31CAE0661CE3D59D0007EF06 /* Debug */ = {
			isa = XCBuildConfiguration;
			buildSettings = {
				ALWAYS_SEARCH_USER_PATHS = NO;
				CLANG_ANALYZER_NONNULL = YES;
				CLANG_CXX_LANGUAGE_STANDARD = "gnu++0x";
				CLANG_CXX_LIBRARY = "libc++";
				CLANG_ENABLE_MODULES = YES;
				CLANG_ENABLE_OBJC_ARC = YES;
				CLANG_WARN_BOOL_CONVERSION = YES;
				CLANG_WARN_CONSTANT_CONVERSION = YES;
				CLANG_WARN_DIRECT_OBJC_ISA_USAGE = YES_ERROR;
				CLANG_WARN_EMPTY_BODY = YES;
				CLANG_WARN_ENUM_CONVERSION = YES;
				CLANG_WARN_INT_CONVERSION = YES;
				CLANG_WARN_OBJC_ROOT_CLASS = YES_ERROR;
				CLANG_WARN_UNREACHABLE_CODE = YES;
				CLANG_WARN__DUPLICATE_METHOD_MATCH = YES;
				CODE_SIGN_IDENTITY = "-";
				COPY_PHASE_STRIP = NO;
				DEBUG_INFORMATION_FORMAT = dwarf;
				ENABLE_STRICT_OBJC_MSGSEND = YES;
				ENABLE_TESTABILITY = YES;
				GCC_C_LANGUAGE_STANDARD = gnu99;
				GCC_DYNAMIC_NO_PIC = NO;
				GCC_NO_COMMON_BLOCKS = YES;
				GCC_OPTIMIZATION_LEVEL = 0;
				GCC_PREPROCESSOR_DEFINITIONS = (
					"DEBUG=1",
					"$(inherited)",
				);
				GCC_WARN_64_TO_32_BIT_CONVERSION = YES;
				GCC_WARN_ABOUT_RETURN_TYPE = YES_ERROR;
				GCC_WARN_UNDECLARED_SELECTOR = YES;
				GCC_WARN_UNINITIALIZED_AUTOS = YES_AGGRESSIVE;
				GCC_WARN_UNUSED_FUNCTION = YES;
				GCC_WARN_UNUSED_VARIABLE = YES;
				MACOSX_DEPLOYMENT_TARGET = 10.11;
				MTL_ENABLE_DEBUG_INFO = YES;
				ONLY_ACTIVE_ARCH = YES;
				SDKROOT = macosx;
			};
			name = Debug;
		};
		31CAE0671CE3D59D0007EF06 /* Release */ = {
			isa = XCBuildConfiguration;
			buildSettings = {
				ALWAYS_SEARCH_USER_PATHS = NO;
				CLANG_ANALYZER_NONNULL = YES;
				CLANG_CXX_LANGUAGE_STANDARD = "gnu++0x";
				CLANG_CXX_LIBRARY = "libc++";
				CLANG_ENABLE_MODULES = YES;
				CLANG_ENABLE_OBJC_ARC = YES;
				CLANG_WARN_BOOL_CONVERSION = YES;
				CLANG_WARN_CONSTANT_CONVERSION = YES;
				CLANG_WARN_DIRECT_OBJC_ISA_USAGE = YES_ERROR;
				CLANG_WARN_EMPTY_BODY = YES;
				CLANG_WARN_ENUM_CONVERSION = YES;
				CLANG_WARN_INT_CONVERSION = YES;
				CLANG_WARN_OBJC_ROOT_CLASS = YES_ERROR;
				CLANG_WARN_UNREACHABLE_CODE = YES;
				CLANG_WARN__DUPLICATE_METHOD_MATCH = YES;
				CODE_SIGN_IDENTITY = "-";
				COPY_PHASE_STRIP = NO;
				DEBUG_INFORMATION_FORMAT = "dwarf-with-dsym";
				ENABLE_NS_ASSERTIONS = NO;
				ENABLE_STRICT_OBJC_MSGSEND = YES;
				GCC_C_LANGUAGE_STANDARD = gnu99;
				GCC_NO_COMMON_BLOCKS = YES;
				GCC_WARN_64_TO_32_BIT_CONVERSION = YES;
				GCC_WARN_ABOUT_RETURN_TYPE = YES_ERROR;
				GCC_WARN_UNDECLARED_SELECTOR = YES;
				GCC_WARN_UNINITIALIZED_AUTOS = YES_AGGRESSIVE;
				GCC_WARN_UNUSED_FUNCTION = YES;
				GCC_WARN_UNUSED_VARIABLE = YES;
				MACOSX_DEPLOYMENT_TARGET = 10.11;
				MTL_ENABLE_DEBUG_INFO = NO;
				SDKROOT = macosx;
			};
			name = Release;
		};
		31CAE0691CE3D59D0007EF06 /* Debug */ = {
			isa = XCBuildConfiguration;
			buildSettings = {
				PRODUCT_NAME = "$(TARGET_NAME)";
			};
			name = Debug;
		};
		31CAE06A1CE3D59D0007EF06 /* Release */ = {
			isa = XCBuildConfiguration;
			buildSettings = {
				PRODUCT_NAME = "$(TARGET_NAME)";
			};
			name = Release;
		};
/* End XCBuildConfiguration section */

/* Begin XCConfigurationList section */
		31CAE05C1CE3D59D0007EF06 /* Build configuration list for PBXProject "a06" */ = {
			isa = XCConfigurationList;
			buildConfigurations = (
				31CAE0661CE3D59D0007EF06 /* Debug */,
				31CAE0671CE3D59D0007EF06 /* Release */,
			);
			defaultConfigurationIsVisible = 0;
			defaultConfigurationName = Release;
		};
		31CAE0681CE3D59D0007EF06 /* Build configuration list for PBXNativeTarget "a06" */ = {
			isa = XCConfigurationList;
			buildConfigurations = (
				31CAE0691CE3D59D0007EF06 /* Debug */,
				31CAE06A1CE3D59D0007EF06 /* Release */,
			);
			defaultConfigurationIsVisible = 0;
			defaultConfigurationName = Release;
		};
/* End XCConfigurationList section */
	};
	rootObject = 31CAE0591CE3D59D0007EF06 /* Project object */;
}
